
Microsoft Visual Studio Solution File, Format Version 12.00
# Visual Studio Version 17
VisualStudioVersion = 17.0.31903.59
MinimumVisualStudioVersion = 10.0.40219.1
Project("{9A19103F-16F7-4668-BE54-9A1E7A4F7556}") = "BlazorApp.Server", "BlazorApp\Server\BlazorApp.Server.csproj", "{CBB7B312-11D7-4B69-B926-5B9BDBAB0545}"
EndProject
Project("{9A19103F-16F7-4668-BE54-9A1E7A4F7556}") = "BlazorApp.Client", "BlazorApp\Client\BlazorApp.Client.csproj", "{4AFC10D7-CDCE-4538-B0D5-6620FFB18D20}"
EndProject
Project("{9A19103F-16F7-4668-BE54-9A1E7A4F7556}") = "BlazorApp.Shared", "BlazorApp\Shared\BlazorApp.Shared.csproj", "{D32BE546-5C33-48C3-A87D-059F9DA560FD}"
EndProject
Global
	GlobalSection(SolutionConfigurationPlatforms) = preSolution
		Debug|Any CPU = Debug|Any CPU
		Release|Any CPU = Release|Any CPU
	EndGlobalSection
	GlobalSection(ProjectConfigurationPlatforms) = postSolution
		{CBB7B312-11D7-4B69-B926-5B9BDBAB0545}.Debug|Any CPU.ActiveCfg = Debug|Any CPU
		{CBB7B312-11D7-4B69-B926-5B9BDBAB0545}.Debug|Any CPU.Build.0 = Debug|Any CPU
		{CBB7B312-11D7-4B69-B926-5B9BDBAB0545}.Release|Any CPU.ActiveCfg = Release|Any CPU
		{CBB7B312-11D7-4B69-B926-5B9BDBAB0545}.Release|Any CPU.Build.0 = Release|Any CPU
		{4AFC10D7-CDCE-4538-B0D5-6620FFB18D20}.Debug|Any CPU.ActiveCfg = Debug|Any CPU
		{4AFC10D7-CDCE-4538-B0D5-6620FFB18D20}.Debug|Any CPU.Build.0 = Debug|Any CPU
		{4AFC10D7-CDCE-4538-B0D5-6620FFB18D20}.Release|Any CPU.ActiveCfg = Release|Any CPU
		{4AFC10D7-CDCE-4538-B0D5-6620FFB18D20}.Release|Any CPU.Build.0 = Release|Any CPU
		{D32BE546-5C33-48C3-A87D-059F9DA560FD}.Debug|Any CPU.ActiveCfg = Debug|Any CPU
		{D32BE546-5C33-48C3-A87D-059F9DA560FD}.Debug|Any CPU.Build.0 = Debug|Any CPU
		{D32BE546-5C33-48C3-A87D-059F9DA560FD}.Release|Any CPU.ActiveCfg = Release|Any CPU
		{D32BE546-5C33-48C3-A87D-059F9DA560FD}.Release|Any CPU.Build.0 = Release|Any CPU
	EndGlobalSection
	GlobalSection(SolutionProperties) = preSolution
		HideSolutionNode = FALSE
	EndGlobalSection
	GlobalSection(ExtensibilityGlobals) = postSolution
		SolutionGuid = {AD66F66E-F97C-4AE6-94BD-62F1CE951645}
	EndGlobalSection
EndGlobal
